{
  "name": "advent-of-code",
  "version": "1.0.0",
  "lockfileVersion": 1,
  "requires": true,
  "dependencies": {
    "@types/node": {
      "version": "14.14.10",
      "resolved": "https://registry.npmjs.org/@types/node/-/node-14.14.10.tgz",
      "integrity": "sha512-J32dgx2hw8vXrSbu4ZlVhn1Nm3GbeCFNw2FWL8S5QKucHGY0cyNwjdQdO+KMBZ4wpmC7KhLCiNsdk1RFRIYUQQ=="
    },
    "charenc": {
      "version": "0.0.1",
      "resolved": "https://registry.npmjs.org/charenc/-/charenc-0.0.1.tgz",
      "integrity": "sha1-AEz/n+rxAjgu0S21jdb5Ynltbog="
    },
    "crypt": {
      "version": "0.0.1",
      "resolved": "https://registry.npmjs.org/crypt/-/crypt-0.0.1.tgz",
      "integrity": "sha1-XxGyGmwF7xteeXCDZtpjdOzh5qI="
    },
    "esbuild": {
      "version": "0.8.17",
      "resolved": "https://registry.npmjs.org/esbuild/-/esbuild-0.8.17.tgz",
      "integrity": "sha512-ReHap+Iyn5BQF0B8F3xrLwu+j57ri5uDUw2ej9XTPAuFDebYiWwRzBY4jhF610bklveXLbCGim/8/2wQKQlu1w=="
    },
    "is-buffer": {
      "version": "1.0.2",
      "resolved": "https://registry.npmjs.org/is-buffer/-/is-buffer-1.0.2.tgz",
      "integrity": "sha1-9cbAUdc/hvEbTuFCZ8wQKfziYdA="
    },
    "js-combinatorics": {
      "version": "0.5.0",
      "resolved": "https://registry.npmjs.org/js-combinatorics/-/js-combinatorics-0.5.0.tgz",
      "integrity": "sha1-lgyPSTTQRabFCQP1slorlwE7ILs="
    },
    "lodash": {
      "version": "4.17.21",
      "resolved": "https://registry.npmjs.org/lodash/-/lodash-4.17.21.tgz",
      "integrity": "sha512-v2kDEe57lecTulaDIuNTPy3Ry4gLGJ6Z1O3vE1krgXZNrsQ+LFTGHVxVjcXPs17LhbZVGedAJv8XZ1tvj5FvSg=="
    },
    "md5": {
      "version": "2.0.0",
      "resolved": "https://registry.npmjs.org/md5/-/md5-2.0.0.tgz",
      "integrity": "sha1-deOS4OvVqbiNx8t6k4dRN7h8ijM=",
      "requires": {
        "charenc": "~ 0.0.1",
        "crypt": "~ 0.0.1",
        "is-buffer": "~ 1.0.2"
      }
    }
  }
}
